
Microsoft Visual Studio Solution File, Format Version 12.00
# Visual Studio 15
VisualStudioVersion = 15.0.28307.168
MinimumVisualStudioVersion = 10.0.40219.1
Project("{FAE04EC0-301F-11D3-BF4B-00C04F79EFBC}") = "SE.Catalog.API", "SE.Catalog.API\SE.Catalog.API.csproj", "{A350665F-D7E5-4906-B231-4B19A83C1D7A}"
EndProject
Project("{FAE04EC0-301F-11D3-BF4B-00C04F79EFBC}") = "SE.Catalog.Models", "SE.Catalog.Models\SE.Catalog.Models.csproj", "{E086E46F-513F-4CA7-AEEC-F8E10D95385E}"
EndProject
Project("{FAE04EC0-301F-11D3-BF4B-00C04F79EFBC}") = "SE.Catalog.Repository", "SE.Catalog.Repository\SE.Catalog.Repository.csproj", "{8A329FF9-3306-4827-8D7E-C253867BCAE3}"
EndProject
Project("{FAE04EC0-301F-11D3-BF4B-00C04F79EFBC}") = "SE.Catalog.Contracts", "SE.Catalog.Contracts\SE.Catalog.Contracts.csproj", "{CFE0F689-8947-443F-B819-29EAC6480384}"
EndProject
Global
	GlobalSection(SolutionConfigurationPlatforms) = preSolution
		Debug|Any CPU = Debug|Any CPU
		Release|Any CPU = Release|Any CPU
	EndGlobalSection
	GlobalSection(ProjectConfigurationPlatforms) = postSolution
		{A350665F-D7E5-4906-B231-4B19A83C1D7A}.Debug|Any CPU.ActiveCfg = Debug|Any CPU
		{A350665F-D7E5-4906-B231-4B19A83C1D7A}.Debug|Any CPU.Build.0 = Debug|Any CPU
		{A350665F-D7E5-4906-B231-4B19A83C1D7A}.Release|Any CPU.ActiveCfg = Release|Any CPU
		{A350665F-D7E5-4906-B231-4B19A83C1D7A}.Release|Any CPU.Build.0 = Release|Any CPU
		{E086E46F-513F-4CA7-AEEC-F8E10D95385E}.Debug|Any CPU.ActiveCfg = Debug|Any CPU
		{E086E46F-513F-4CA7-AEEC-F8E10D95385E}.Debug|Any CPU.Build.0 = Debug|Any CPU
		{E086E46F-513F-4CA7-AEEC-F8E10D95385E}.Release|Any CPU.ActiveCfg = Release|Any CPU
		{E086E46F-513F-4CA7-AEEC-F8E10D95385E}.Release|Any CPU.Build.0 = Release|Any CPU
		{8A329FF9-3306-4827-8D7E-C253867BCAE3}.Debug|Any CPU.ActiveCfg = Debug|Any CPU
		{8A329FF9-3306-4827-8D7E-C253867BCAE3}.Debug|Any CPU.Build.0 = Debug|Any CPU
		{8A329FF9-3306-4827-8D7E-C253867BCAE3}.Release|Any CPU.ActiveCfg = Release|Any CPU
		{8A329FF9-3306-4827-8D7E-C253867BCAE3}.Release|Any CPU.Build.0 = Release|Any CPU
		{CFE0F689-8947-443F-B819-29EAC6480384}.Debug|Any CPU.ActiveCfg = Debug|Any CPU
		{CFE0F689-8947-443F-B819-29EAC6480384}.Debug|Any CPU.Build.0 = Debug|Any CPU
		{CFE0F689-8947-443F-B819-29EAC6480384}.Release|Any CPU.ActiveCfg = Release|Any CPU
		{CFE0F689-8947-443F-B819-29EAC6480384}.Release|Any CPU.Build.0 = Release|Any CPU
	EndGlobalSection
	GlobalSection(SolutionProperties) = preSolution
		HideSolutionNode = FALSE
	EndGlobalSection
	GlobalSection(ExtensibilityGlobals) = postSolution
		SolutionGuid = {93D38869-D2C6-4ED5-82CE-FEB43DC33A30}
	EndGlobalSection
EndGlobal
